// !$*UTF8*$!
{
	archiveVersion = 1;
	classes = {
	};
	objectVersion = 55;
	objects = {

/* Begin PBXBuildFile section */
		710B37732767C721000D4E9C /* AppDelegate.swift in Sources */ = {isa = PBXBuildFile; fileRef = 710B37722767C721000D4E9C /* AppDelegate.swift */; };
		710B37752767C721000D4E9C /* SceneDelegate.swift in Sources */ = {isa = PBXBuildFile; fileRef = 710B37742767C721000D4E9C /* SceneDelegate.swift */; };
		710B377C2767C723000D4E9C /* Assets.xcassets in Resources */ = {isa = PBXBuildFile; fileRef = 710B377B2767C723000D4E9C /* Assets.xcassets */; };
		710B377F2767C723000D4E9C /* LaunchScreen.storyboard in Resources */ = {isa = PBXBuildFile; fileRef = 710B377D2767C723000D4E9C /* LaunchScreen.storyboard */; };
		710B37872767C76E000D4E9C /* HomeViewController.swift in Sources */ = {isa = PBXBuildFile; fileRef = 710B37862767C76E000D4E9C /* HomeViewController.swift */; };
		710B378A2767C972000D4E9C /* HomeView.swift in Sources */ = {isa = PBXBuildFile; fileRef = 710B37892767C972000D4E9C /* HomeView.swift */; };
		710B378D2767C9B6000D4E9C /* ConfigViewProtocol.swift in Sources */ = {isa = PBXBuildFile; fileRef = 710B378C2767C9B6000D4E9C /* ConfigViewProtocol.swift */; };
		7196A1302771058A00606815 /* PokedexViewController.swift in Sources */ = {isa = PBXBuildFile; fileRef = 7196A12F2771058A00606815 /* PokedexViewController.swift */; };
		7196A132277105AF00606815 /* PokedexView.swift in Sources */ = {isa = PBXBuildFile; fileRef = 7196A131277105AF00606815 /* PokedexView.swift */; };
		7196A134277105CE00606815 /* PokedexCollectionViewCellScreen.swift in Sources */ = {isa = PBXBuildFile; fileRef = 7196A133277105CE00606815 /* PokedexCollectionViewCellScreen.swift */; };
		71B34EC4276CD6B400742105 /* HomeViewModel.swift in Sources */ = {isa = PBXBuildFile; fileRef = 71B34EC3276CD6B400742105 /* HomeViewModel.swift */; };
		71DD705C27739F3900E6CEF6 /* PokedexCollectionViewCell.swift in Sources */ = {isa = PBXBuildFile; fileRef = 71DD705B27739F3900E6CEF6 /* PokedexCollectionViewCell.swift */; };
		71DD705E2773AD2400E6CEF6 /* PokedexViewModel.swift in Sources */ = {isa = PBXBuildFile; fileRef = 71DD705D2773AD2300E6CEF6 /* PokedexViewModel.swift */; };
/* End PBXBuildFile section */

/* Begin PBXFileReference section */
		710B376F2767C721000D4E9C /* PokedexViewCode.app */ = {isa = PBXFileReference; explicitFileType = wrapper.application; includeInIndex = 0; path = PokedexViewCode.app; sourceTree = BUILT_PRODUCTS_DIR; };
		710B37722767C721000D4E9C /* AppDelegate.swift */ = {isa = PBXFileReference; lastKnownFileType = sourcecode.swift; path = AppDelegate.swift; sourceTree = "<group>"; };
		710B37742767C721000D4E9C /* SceneDelegate.swift */ = {isa = PBXFileReference; lastKnownFileType = sourcecode.swift; path = SceneDelegate.swift; sourceTree = "<group>"; };
		710B377B2767C723000D4E9C /* Assets.xcassets */ = {isa = PBXFileReference; lastKnownFileType = folder.assetcatalog; path = Assets.xcassets; sourceTree = "<group>"; };
		710B377E2767C723000D4E9C /* Base */ = {isa = PBXFileReference; lastKnownFileType = file.storyboard; name = Base; path = Base.lproj/LaunchScreen.storyboard; sourceTree = "<group>"; };
		710B37802767C723000D4E9C /* Info.plist */ = {isa = PBXFileReference; lastKnownFileType = text.plist.xml; path = Info.plist; sourceTree = "<group>"; };
		710B37862767C76E000D4E9C /* HomeViewController.swift */ = {isa = PBXFileReference; lastKnownFileType = sourcecode.swift; path = HomeViewController.swift; sourceTree = "<group>"; };
		710B37892767C972000D4E9C /* HomeView.swift */ = {isa = PBXFileReference; lastKnownFileType = sourcecode.swift; path = HomeView.swift; sourceTree = "<group>"; };
		710B378C2767C9B6000D4E9C /* ConfigViewProtocol.swift */ = {isa = PBXFileReference; lastKnownFileType = sourcecode.swift; path = ConfigViewProtocol.swift; sourceTree = "<group>"; };
		7196A12F2771058A00606815 /* PokedexViewController.swift */ = {isa = PBXFileReference; lastKnownFileType = sourcecode.swift; path = PokedexViewController.swift; sourceTree = "<group>"; };
		7196A131277105AF00606815 /* PokedexView.swift */ = {isa = PBXFileReference; lastKnownFileType = sourcecode.swift; path = PokedexView.swift; sourceTree = "<group>"; };
		7196A133277105CE00606815 /* PokedexCollectionViewCellScreen.swift */ = {isa = PBXFileReference; lastKnownFileType = sourcecode.swift; path = PokedexCollectionViewCellScreen.swift; sourceTree = "<group>"; };
		71B34EC3276CD6B400742105 /* HomeViewModel.swift */ = {isa = PBXFileReference; lastKnownFileType = sourcecode.swift; path = HomeViewModel.swift; sourceTree = "<group>"; };
		71DD705B27739F3900E6CEF6 /* PokedexCollectionViewCell.swift */ = {isa = PBXFileReference; lastKnownFileType = sourcecode.swift; path = PokedexCollectionViewCell.swift; sourceTree = "<group>"; };
		71DD705D2773AD2300E6CEF6 /* PokedexViewModel.swift */ = {isa = PBXFileReference; lastKnownFileType = sourcecode.swift; path = PokedexViewModel.swift; sourceTree = "<group>"; };
/* End PBXFileReference section */

/* Begin PBXFrameworksBuildPhase section */
		710B376C2767C721000D4E9C /* Frameworks */ = {
			isa = PBXFrameworksBuildPhase;
			buildActionMask = 2147483647;
			files = (
			);
			runOnlyForDeploymentPostprocessing = 0;
		};
/* End PBXFrameworksBuildPhase section */

/* Begin PBXGroup section */
		710B37662767C721000D4E9C = {
			isa = PBXGroup;
			children = (
				710B37712767C721000D4E9C /* PokedexViewCode */,
				710B37702767C721000D4E9C /* Products */,
			);
			sourceTree = "<group>";
		};
		710B37702767C721000D4E9C /* Products */ = {
			isa = PBXGroup;
			children = (
				710B376F2767C721000D4E9C /* PokedexViewCode.app */,
			);
			name = Products;
			sourceTree = "<group>";
		};
		710B37712767C721000D4E9C /* PokedexViewCode */ = {
			isa = PBXGroup;
			children = (
				710B37722767C721000D4E9C /* AppDelegate.swift */,
				710B37742767C721000D4E9C /* SceneDelegate.swift */,
				710B37882767C8D4000D4E9C /* Home */,
				7196A12C2771047800606815 /* Pokedex */,
				710B378B2767C996000D4E9C /* Protocols */,
				710B377B2767C723000D4E9C /* Assets.xcassets */,
				710B377D2767C723000D4E9C /* LaunchScreen.storyboard */,
				710B37802767C723000D4E9C /* Info.plist */,
			);
			path = PokedexViewCode;
			sourceTree = "<group>";
		};
		710B37882767C8D4000D4E9C /* Home */ = {
			isa = PBXGroup;
			children = (
				710B37862767C76E000D4E9C /* HomeViewController.swift */,
				71B34EC3276CD6B400742105 /* HomeViewModel.swift */,
				710B37892767C972000D4E9C /* HomeView.swift */,
			);
			path = Home;
			sourceTree = "<group>";
		};
		710B378B2767C996000D4E9C /* Protocols */ = {
			isa = PBXGroup;
			children = (
				710B378C2767C9B6000D4E9C /* ConfigViewProtocol.swift */,
			);
			path = Protocols;
			sourceTree = "<group>";
		};
		7196A12C2771047800606815 /* Pokedex */ = {
			isa = PBXGroup;
			children = (
				7196A12F2771058A00606815 /* PokedexViewController.swift */,
				71DD705D2773AD2300E6CEF6 /* PokedexViewModel.swift */,
				7196A131277105AF00606815 /* PokedexView.swift */,
				7196A135277105D400606815 /* CollectionCell */,
			);
			path = Pokedex;
			sourceTree = "<group>";
		};
		7196A135277105D400606815 /* CollectionCell */ = {
			isa = PBXGroup;
			children = (
				7196A133277105CE00606815 /* PokedexCollectionViewCellScreen.swift */,
				71DD705B27739F3900E6CEF6 /* PokedexCollectionViewCell.swift */,
			);
			path = CollectionCell;
			sourceTree = "<group>";
		};
/* End PBXGroup section */

/* Begin PBXNativeTarget section */
		710B376E2767C721000D4E9C /* PokedexViewCode */ = {
			isa = PBXNativeTarget;
			buildConfigurationList = 710B37832767C723000D4E9C /* Build configuration list for PBXNativeTarget "PokedexViewCode" */;
			buildPhases = (
				710B376B2767C721000D4E9C /* Sources */,
				710B376C2767C721000D4E9C /* Frameworks */,
				710B376D2767C721000D4E9C /* Resources */,
			);
			buildRules = (
			);
			dependencies = (
			);
			name = PokedexViewCode;
			productName = PokedexViewCode;
			productReference = 710B376F2767C721000D4E9C /* PokedexViewCode.app */;
			productType = "com.apple.product-type.application";
		};
/* End PBXNativeTarget section */

/* Begin PBXProject section */
		710B37672767C721000D4E9C /* Project object */ = {
			isa = PBXProject;
			attributes = {
				BuildIndependentTargetsInParallel = 1;
				LastSwiftUpdateCheck = 1310;
				LastUpgradeCheck = 1310;
				TargetAttributes = {
					710B376E2767C721000D4E9C = {
						CreatedOnToolsVersion = 13.1;
					};
				};
			};
			buildConfigurationList = 710B376A2767C721000D4E9C /* Build configuration list for PBXProject "PokedexViewCode" */;
			compatibilityVersion = "Xcode 13.0";
			developmentRegion = en;
			hasScannedForEncodings = 0;
			knownRegions = (
				en,
				Base,
			);
			mainGroup = 710B37662767C721000D4E9C;
			productRefGroup = 710B37702767C721000D4E9C /* Products */;
			projectDirPath = "";
			projectRoot = "";
			targets = (
				710B376E2767C721000D4E9C /* PokedexViewCode */,
			);
		};
/* End PBXProject section */

/* Begin PBXResourcesBuildPhase section */
		710B376D2767C721000D4E9C /* Resources */ = {
			isa = PBXResourcesBuildPhase;
			buildActionMask = 2147483647;
			files = (
				710B377F2767C723000D4E9C /* LaunchScreen.storyboard in Resources */,
				710B377C2767C723000D4E9C /* Assets.xcassets in Resources */,
			);
			runOnlyForDeploymentPostprocessing = 0;
		};
/* End PBXResourcesBuildPhase section */

/* Begin PBXSourcesBuildPhase section */
		710B376B2767C721000D4E9C /* Sources */ = {
			isa = PBXSourcesBuildPhase;
			buildActionMask = 2147483647;
			files = (
				710B37732767C721000D4E9C /* AppDelegate.swift in Sources */,
				71B34EC4276CD6B400742105 /* HomeViewModel.swift in Sources */,
				710B378D2767C9B6000D4E9C /* ConfigViewProtocol.swift in Sources */,
				71DD705C27739F3900E6CEF6 /* PokedexCollectionViewCell.swift in Sources */,
				710B378A2767C972000D4E9C /* HomeView.swift in Sources */,
				710B37752767C721000D4E9C /* SceneDelegate.swift in Sources */,
				710B37872767C76E000D4E9C /* HomeViewController.swift in Sources */,
				71DD705E2773AD2400E6CEF6 /* PokedexViewModel.swift in Sources */,
				7196A1302771058A00606815 /* PokedexViewController.swift in Sources */,
				7196A132277105AF00606815 /* PokedexView.swift in Sources */,
				7196A134277105CE00606815 /* PokedexCollectionViewCellScreen.swift in Sources */,
			);
			runOnlyForDeploymentPostprocessing = 0;
		};
/* End PBXSourcesBuildPhase section */

/* Begin PBXVariantGroup section */
		710B377D2767C723000D4E9C /* LaunchScreen.storyboard */ = {
			isa = PBXVariantGroup;
			children = (
				710B377E2767C723000D4E9C /* Base */,
			);
			name = LaunchScreen.storyboard;
			sourceTree = "<group>";
		};
/* End PBXVariantGroup section */

/* Begin XCBuildConfiguration section */
		710B37812767C723000D4E9C /* Debug */ = {
			isa = XCBuildConfiguration;
			buildSettings = {
				ALWAYS_SEARCH_USER_PATHS = NO;
				CLANG_ANALYZER_NONNULL = YES;
				CLANG_ANALYZER_NUMBER_OBJECT_CONVERSION = YES_AGGRESSIVE;
				CLANG_CXX_LANGUAGE_STANDARD = "gnu++17";
				CLANG_CXX_LIBRARY = "libc++";
				CLANG_ENABLE_MODULES = YES;
				CLANG_ENABLE_OBJC_ARC = YES;
				CLANG_ENABLE_OBJC_WEAK = YES;
				CLANG_WARN_BLOCK_CAPTURE_AUTORELEASING = YES;
				CLANG_WARN_BOOL_CONVERSION = YES;
				CLANG_WARN_COMMA = YES;
				CLANG_WARN_CONSTANT_CONVERSION = YES;
				CLANG_WARN_DEPRECATED_OBJC_IMPLEMENTATIONS = YES;
				CLANG_WARN_DIRECT_OBJC_ISA_USAGE = YES_ERROR;
				CLANG_WARN_DOCUMENTATION_COMMENTS = YES;
				CLANG_WARN_EMPTY_BODY = YES;
				CLANG_WARN_ENUM_CONVERSION = YES;
				CLANG_WARN_INFINITE_RECURSION = YES;
				CLANG_WARN_INT_CONVERSION = YES;
				CLANG_WARN_NON_LITERAL_NULL_CONVERSION = YES;
				CLANG_WARN_OBJC_IMPLICIT_RETAIN_SELF = YES;
				CLANG_WARN_OBJC_LITERAL_CONVERSION = YES;
				CLANG_WARN_OBJC_ROOT_CLASS = YES_ERROR;
				CLANG_WARN_QUOTED_INCLUDE_IN_FRAMEWORK_HEADER = YES;
				CLANG_WARN_RANGE_LOOP_ANALYSIS = YES;
				CLANG_WARN_STRICT_PROTOTYPES = YES;
				CLANG_WARN_SUSPICIOUS_MOVE = YES;
				CLANG_WARN_UNGUARDED_AVAILABILITY = YES_AGGRESSIVE;
				CLANG_WARN_UNREACHABLE_CODE = YES;
				CLANG_WARN__DUPLICATE_METHOD_MATCH = YES;
				COPY_PHASE_STRIP = NO;
				DEBUG_INFORMATION_FORMAT = dwarf;
				ENABLE_STRICT_OBJC_MSGSEND = YES;
				ENABLE_TESTABILITY = YES;
				GCC_C_LANGUAGE_STANDARD = gnu11;
				GCC_DYNAMIC_NO_PIC = NO;
				GCC_NO_COMMON_BLOCKS = YES;
				GCC_OPTIMIZATION_LEVEL = 0;
				GCC_PREPROCESSOR_DEFINITIONS = (
					"DEBUG=1",
					"$(inherited)",
				);
				GCC_WARN_64_TO_32_BIT_CONVERSION = YES;
				GCC_WARN_ABOUT_RETURN_TYPE = YES_ERROR;
				GCC_WARN_UNDECLARED_SELECTOR = YES;
				GCC_WARN_UNINITIALIZED_AUTOS = YES_AGGRESSIVE;
				GCC_WARN_UNUSED_FUNCTION = YES;
				GCC_WARN_UNUSED_VARIABLE = YES;
				IPHONEOS_DEPLOYMENT_TARGET = 15.0;
				MTL_ENABLE_DEBUG_INFO = INCLUDE_SOURCE;
				MTL_FAST_MATH = YES;
				ONLY_ACTIVE_ARCH = YES;
				SDKROOT = iphoneos;
				SWIFT_ACTIVE_COMPILATION_CONDITIONS = DEBUG;
				SWIFT_OPTIMIZATION_LEVEL = "-Onone";
			};
			name = Debug;
		};
		710B37822767C723000D4E9C /* Release */ = {
			isa = XCBuildConfiguration;
			buildSettings = {
				ALWAYS_SEARCH_USER_PATHS = NO;
				CLANG_ANALYZER_NONNULL = YES;
				CLANG_ANALYZER_NUMBER_OBJECT_CONVERSION = YES_AGGRESSIVE;
				CLANG_CXX_LANGUAGE_STANDARD = "gnu++17";
				CLANG_CXX_LIBRARY = "libc++";
				CLANG_ENABLE_MODULES = YES;
				CLANG_ENABLE_OBJC_ARC = YES;
				CLANG_ENABLE_OBJC_WEAK = YES;
				CLANG_WARN_BLOCK_CAPTURE_AUTORELEASING = YES;
				CLANG_WARN_BOOL_CONVERSION = YES;
				CLANG_WARN_COMMA = YES;
				CLANG_WARN_CONSTANT_CONVERSION = YES;
				CLANG_WARN_DEPRECATED_OBJC_IMPLEMENTATIONS = YES;
				CLANG_WARN_DIRECT_OBJC_ISA_USAGE = YES_ERROR;
				CLANG_WARN_DOCUMENTATION_COMMENTS = YES;
				CLANG_WARN_EMPTY_BODY = YES;
				CLANG_WARN_ENUM_CONVERSION = YES;
				CLANG_WARN_INFINITE_RECURSION = YES;
				CLANG_WARN_INT_CONVERSION = YES;
				CLANG_WARN_NON_LITERAL_NULL_CONVERSION = YES;
				CLANG_WARN_OBJC_IMPLICIT_RETAIN_SELF = YES;
				CLANG_WARN_OBJC_LITERAL_CONVERSION = YES;
				CLANG_WARN_OBJC_ROOT_CLASS = YES_ERROR;
				CLANG_WARN_QUOTED_INCLUDE_IN_FRAMEWORK_HEADER = YES;
				CLANG_WARN_RANGE_LOOP_ANALYSIS = YES;
				CLANG_WARN_STRICT_PROTOTYPES = YES;
				CLANG_WARN_SUSPICIOUS_MOVE = YES;
				CLANG_WARN_UNGUARDED_AVAILABILITY = YES_AGGRESSIVE;
				CLANG_WARN_UNREACHABLE_CODE = YES;
				CLANG_WARN__DUPLICATE_METHOD_MATCH = YES;
				COPY_PHASE_STRIP = NO;
				DEBUG_INFORMATION_FORMAT = "dwarf-with-dsym";
				ENABLE_NS_ASSERTIONS = NO;
				ENABLE_STRICT_OBJC_MSGSEND = YES;
				GCC_C_LANGUAGE_STANDARD = gnu11;
				GCC_NO_COMMON_BLOCKS = YES;
				GCC_WARN_64_TO_32_BIT_CONVERSION = YES;
				GCC_WARN_ABOUT_RETURN_TYPE = YES_ERROR;
				GCC_WARN_UNDECLARED_SELECTOR = YES;
				GCC_WARN_UNINITIALIZED_AUTOS = YES_AGGRESSIVE;
				GCC_WARN_UNUSED_FUNCTION = YES;
				GCC_WARN_UNUSED_VARIABLE = YES;
				IPHONEOS_DEPLOYMENT_TARGET = 15.0;
				MTL_ENABLE_DEBUG_INFO = NO;
				MTL_FAST_MATH = YES;
				SDKROOT = iphoneos;
				SWIFT_COMPILATION_MODE = wholemodule;
				SWIFT_OPTIMIZATION_LEVEL = "-O";
				VALIDATE_PRODUCT = YES;
			};
			name = Release;
		};
		710B37842767C723000D4E9C /* Debug */ = {
			isa = XCBuildConfiguration;
			buildSettings = {
				ASSETCATALOG_COMPILER_APPICON_NAME = AppIcon;
				ASSETCATALOG_COMPILER_GLOBAL_ACCENT_COLOR_NAME = AccentColor;
				CODE_SIGN_STYLE = Automatic;
				CURRENT_PROJECT_VERSION = 1;
				DEVELOPMENT_TEAM = R6MG383L8D;
				GENERATE_INFOPLIST_FILE = YES;
				INFOPLIST_FILE = PokedexViewCode/Info.plist;
				INFOPLIST_KEY_UIApplicationSupportsIndirectInputEvents = YES;
				INFOPLIST_KEY_UILaunchStoryboardName = LaunchScreen;
				INFOPLIST_KEY_UISupportedInterfaceOrientations_iPad = "UIInterfaceOrientationPortrait UIInterfaceOrientationPortraitUpsideDown UIInterfaceOrientationLandscapeLeft UIInterfaceOrientationLandscapeRight";
				INFOPLIST_KEY_UISupportedInterfaceOrientations_iPhone = "UIInterfaceOrientationPortrait UIInterfaceOrientationLandscapeLeft UIInterfaceOrientationLandscapeRight";
				LD_RUNPATH_SEARCH_PATHS = (
					"$(inherited)",
					"@executable_path/Frameworks",
				);
				MARKETING_VERSION = 1.0;
				PRODUCT_BUNDLE_IDENTIFIER = com.felipeforcinetti.PokedexViewCode;
				PRODUCT_NAME = "$(TARGET_NAME)";
				SWIFT_EMIT_LOC_STRINGS = YES;
				SWIFT_VERSION = 5.0;
				TARGETED_DEVICE_FAMILY = "1,2";
			};
			name = Debug;
		};
		710B37852767C723000D4E9C /* Release */ = {
			isa = XCBuildConfiguration;
			buildSettings = {
				ASSETCATALOG_COMPILER_APPICON_NAME = AppIcon;
				ASSETCATALOG_COMPILER_GLOBAL_ACCENT_COLOR_NAME = AccentColor;
				CODE_SIGN_STYLE = Automatic;
				CURRENT_PROJECT_VERSION = 1;
				DEVELOPMENT_TEAM = R6MG383L8D;
				GENERATE_INFOPLIST_FILE = YES;
				INFOPLIST_FILE = PokedexViewCode/Info.plist;
				INFOPLIST_KEY_UIApplicationSupportsIndirectInputEvents = YES;
				INFOPLIST_KEY_UILaunchStoryboardName = LaunchScreen;
				INFOPLIST_KEY_UISupportedInterfaceOrientations_iPad = "UIInterfaceOrientationPortrait UIInterfaceOrientationPortraitUpsideDown UIInterfaceOrientationLandscapeLeft UIInterfaceOrientationLandscapeRight";
				INFOPLIST_KEY_UISupportedInterfaceOrientations_iPhone = "UIInterfaceOrientationPortrait UIInterfaceOrientationLandscapeLeft UIInterfaceOrientationLandscapeRight";
				LD_RUNPATH_SEARCH_PATHS = (
					"$(inherited)",
					"@executable_path/Frameworks",
				);
				MARKETING_VERSION = 1.0;
				PRODUCT_BUNDLE_IDENTIFIER = com.felipeforcinetti.PokedexViewCode;
				PRODUCT_NAME = "$(TARGET_NAME)";
				SWIFT_EMIT_LOC_STRINGS = YES;
				SWIFT_VERSION = 5.0;
				TARGETED_DEVICE_FAMILY = "1,2";
			};
			name = Release;
		};
/* End XCBuildConfiguration section */

/* Begin XCConfigurationList section */
		710B376A2767C721000D4E9C /* Build configuration list for PBXProject "PokedexViewCode" */ = {
			isa = XCConfigurationList;
			buildConfigurations = (
				710B37812767C723000D4E9C /* Debug */,
				710B37822767C723000D4E9C /* Release */,
			);
			defaultConfigurationIsVisible = 0;
			defaultConfigurationName = Release;
		};
		710B37832767C723000D4E9C /* Build configuration list for PBXNativeTarget "PokedexViewCode" */ = {
			isa = XCConfigurationList;
			buildConfigurations = (
				710B37842767C723000D4E9C /* Debug */,
				710B37852767C723000D4E9C /* Release */,
			);
			defaultConfigurationIsVisible = 0;
			defaultConfigurationName = Release;
		};
/* End XCConfigurationList section */
	};
	rootObject = 710B37672767C721000D4E9C /* Project object */;
}
